PODS:
  - RxCocoa (3.0.1):
    - RxSwift (~> 3.0)
  - RxRedux (0.1.0):
    - RxCocoa (~> 3.0)
    - RxSwift (~> 3.0)
  - RxSwift (3.0.1)

DEPENDENCIES:
  - RxCocoa (~> 3.0)
  - RxRedux (from `https://github.com/hungdv136/rx.redux.git`)
  - RxSwift (~> 3.0)

EXTERNAL SOURCES:
  RxRedux:
    :git: https://github.com/hungdv136/rx.redux.git

CHECKOUT OPTIONS:
  RxRedux:
    :commit: 6814e13b574631175c4388b5da6b9f9f96477a8c
    :git: https://github.com/hungdv136/rx.redux.git

SPEC CHECKSUMS:
  RxCocoa: 15a52fc590dcc700cb4a690a633b5c5184ce3a78
  RxRedux: 5bcc9d81f4eb9b40e1785e1cd03dcd2e5fcde4ea
  RxSwift: af5680055c4ad04480189c52d28385b1029493a6

PODFILE CHECKSUM: 97981248be0d3f174f83ffd9763452af54713d88

COCOAPODS: 1.1.1
